
Microsoft Visual Studio Solution File, Format Version 12.00
# Visual Studio Version 17
VisualStudioVersion = 17.12.35527.113
MinimumVisualStudioVersion = 10.0.40219.1
Project("{FAE04EC0-301F-11D3-BF4B-00C04F79EFBC}") = "BankingMicroservices.AppHost", "BankingMicroservices.AppHost\BankingMicroservices.AppHost.csproj", "{9E242EE6-719A-453F-80B3-1ABF73B5D856}"
EndProject
Project("{FAE04EC0-301F-11D3-BF4B-00C04F79EFBC}") = "BankingMicroservices.ServiceDefaults", "BankingMicroservices.ServiceDefaults\BankingMicroservices.ServiceDefaults.csproj", "{18A15483-E4C3-45A0-8727-B672DB0B9BF7}"
EndProject
Project("{2150E333-8FDC-42A3-9474-1A3956D46DE8}") = "Services", "Services", "{42C9DFDC-E664-44A4-8CDB-EC9B187A20C5}"
EndProject
Project("{2150E333-8FDC-42A3-9474-1A3956D46DE8}") = "UserManagement", "UserManagement", "{5B4D0392-D437-4B54-A75A-A8545B7AAFB4}"
EndProject
Project("{2150E333-8FDC-42A3-9474-1A3956D46DE8}") = "Account", "Account", "{ACAE4C02-9B6B-49B5-8DBD-D30AD92A5537}"
EndProject
Project("{2150E333-8FDC-42A3-9474-1A3956D46DE8}") = "Shared", "Shared", "{7F161869-38CA-47EB-AAA5-5993F8CE05FA}"
EndProject
Project("{2150E333-8FDC-42A3-9474-1A3956D46DE8}") = "Transaction", "Transaction", "{469A1467-4CDF-4933-8482-1AEBFF3C1524}"
EndProject
Project("{2150E333-8FDC-42A3-9474-1A3956D46DE8}") = "ApiGateways", "ApiGateways", "{F5A7C51C-BE98-4D83-B98A-7F4D3F84C686}"
EndProject
Project("{FAE04EC0-301F-11D3-BF4B-00C04F79EFBC}") = "Ocelot.ApiGateway", "ApiGateways\Ocelot.ApiGateway\Ocelot.ApiGateway.csproj", "{B7487312-3EC1-49FD-9E41-0337622C9C98}"
EndProject
Project("{FAE04EC0-301F-11D3-BF4B-00C04F79EFBC}") = "Account.API", "Services\Account\Account.API\Account.API.csproj", "{63741277-A04F-46EE-8614-92FBBA73D045}"
EndProject
Project("{FAE04EC0-301F-11D3-BF4B-00C04F79EFBC}") = "Account.Application", "Services\Account\Account.Application\Account.Application.csproj", "{82373AA2-16B2-44D1-8C7D-306F8D94071F}"
EndProject
Project("{FAE04EC0-301F-11D3-BF4B-00C04F79EFBC}") = "Account.Domain", "Services\Account\Account.Domain\Account.Domain.csproj", "{C6E91371-C6B4-4A5E-944F-D25FD21C2E80}"
EndProject
Project("{FAE04EC0-301F-11D3-BF4B-00C04F79EFBC}") = "Account.Infrastructure", "Services\Account\Account.Infrastructure\Account.Infrastructure.csproj", "{A69008B3-65F0-405B-BBD5-15AC7A892D05}"
EndProject
Project("{FAE04EC0-301F-11D3-BF4B-00C04F79EFBC}") = "Utility", "Shared\Utility\Utility.csproj", "{910B518C-879C-402D-9005-FF2B104FE91E}"
EndProject
Project("{FAE04EC0-301F-11D3-BF4B-00C04F79EFBC}") = "Transaction.API", "Services\Transaction\Transaction.API\Transaction.API.csproj", "{0E4FAA42-FF8B-48BC-BA22-EB097B3B4468}"
EndProject
Project("{FAE04EC0-301F-11D3-BF4B-00C04F79EFBC}") = "Transaction.Application", "Services\Transaction\Transaction.Application\Transaction.Application.csproj", "{88DFBE8B-9CD9-47D1-A284-229880ACEA3C}"
EndProject
Project("{FAE04EC0-301F-11D3-BF4B-00C04F79EFBC}") = "Transaction.Domain", "Services\Transaction\Transaction.Domain\Transaction.Domain.csproj", "{E004DCE6-3FC1-491A-A05E-6E45914926FA}"
EndProject
Project("{FAE04EC0-301F-11D3-BF4B-00C04F79EFBC}") = "Transaction.Infrastructure", "Services\Transaction\Transaction.Infrastructure\Transaction.Infrastructure.csproj", "{CEF16B00-F192-44B0-833C-E0E6C6DE07C8}"
EndProject
Project("{FAE04EC0-301F-11D3-BF4B-00C04F79EFBC}") = "UserManagement.API", "Services\UserManagement\UserManagement.API\UserManagement.API.csproj", "{4BF7C8ED-CF9B-4D48-B5B3-CAC67B3301E2}"
EndProject
Project("{FAE04EC0-301F-11D3-BF4B-00C04F79EFBC}") = "UserManagement.Application", "Services\UserManagement\UserManagement.Application\UserManagement.Application.csproj", "{F0EB2CD8-CA47-425E-AF49-E44B5E26824B}"
EndProject
Project("{FAE04EC0-301F-11D3-BF4B-00C04F79EFBC}") = "UserManagement.Domain", "Services\UserManagement\UserManagement.Domain\UserManagement.Domain.csproj", "{0A7DE687-400D-4369-90A9-11F327CCBBD7}"
EndProject
Project("{FAE04EC0-301F-11D3-BF4B-00C04F79EFBC}") = "UserManagement.Infrastructure", "Services\UserManagement\UserManagement.Infrastructure\UserManagement.Infrastructure.csproj", "{1EC2C9A4-68DE-4541-B268-39D383FC230E}"
EndProject
Global
	GlobalSection(SolutionConfigurationPlatforms) = preSolution
		Debug|Any CPU = Debug|Any CPU
		Release|Any CPU = Release|Any CPU
	EndGlobalSection
	GlobalSection(ProjectConfigurationPlatforms) = postSolution
		{9E242EE6-719A-453F-80B3-1ABF73B5D856}.Debug|Any CPU.ActiveCfg = Debug|Any CPU
		{9E242EE6-719A-453F-80B3-1ABF73B5D856}.Debug|Any CPU.Build.0 = Debug|Any CPU
		{9E242EE6-719A-453F-80B3-1ABF73B5D856}.Release|Any CPU.ActiveCfg = Release|Any CPU
		{9E242EE6-719A-453F-80B3-1ABF73B5D856}.Release|Any CPU.Build.0 = Release|Any CPU
		{18A15483-E4C3-45A0-8727-B672DB0B9BF7}.Debug|Any CPU.ActiveCfg = Debug|Any CPU
		{18A15483-E4C3-45A0-8727-B672DB0B9BF7}.Debug|Any CPU.Build.0 = Debug|Any CPU
		{18A15483-E4C3-45A0-8727-B672DB0B9BF7}.Release|Any CPU.ActiveCfg = Release|Any CPU
		{18A15483-E4C3-45A0-8727-B672DB0B9BF7}.Release|Any CPU.Build.0 = Release|Any CPU
		{B7487312-3EC1-49FD-9E41-0337622C9C98}.Debug|Any CPU.ActiveCfg = Debug|Any CPU
		{B7487312-3EC1-49FD-9E41-0337622C9C98}.Debug|Any CPU.Build.0 = Debug|Any CPU
		{B7487312-3EC1-49FD-9E41-0337622C9C98}.Release|Any CPU.ActiveCfg = Release|Any CPU
		{B7487312-3EC1-49FD-9E41-0337622C9C98}.Release|Any CPU.Build.0 = Release|Any CPU
		{63741277-A04F-46EE-8614-92FBBA73D045}.Debug|Any CPU.ActiveCfg = Debug|Any CPU
		{63741277-A04F-46EE-8614-92FBBA73D045}.Debug|Any CPU.Build.0 = Debug|Any CPU
		{63741277-A04F-46EE-8614-92FBBA73D045}.Release|Any CPU.ActiveCfg = Release|Any CPU
		{63741277-A04F-46EE-8614-92FBBA73D045}.Release|Any CPU.Build.0 = Release|Any CPU
		{82373AA2-16B2-44D1-8C7D-306F8D94071F}.Debug|Any CPU.ActiveCfg = Debug|Any CPU
		{82373AA2-16B2-44D1-8C7D-306F8D94071F}.Debug|Any CPU.Build.0 = Debug|Any CPU
		{82373AA2-16B2-44D1-8C7D-306F8D94071F}.Release|Any CPU.ActiveCfg = Release|Any CPU
		{82373AA2-16B2-44D1-8C7D-306F8D94071F}.Release|Any CPU.Build.0 = Release|Any CPU
		{C6E91371-C6B4-4A5E-944F-D25FD21C2E80}.Debug|Any CPU.ActiveCfg = Debug|Any CPU
		{C6E91371-C6B4-4A5E-944F-D25FD21C2E80}.Debug|Any CPU.Build.0 = Debug|Any CPU
		{C6E91371-C6B4-4A5E-944F-D25FD21C2E80}.Release|Any CPU.ActiveCfg = Release|Any CPU
		{C6E91371-C6B4-4A5E-944F-D25FD21C2E80}.Release|Any CPU.Build.0 = Release|Any CPU
		{A69008B3-65F0-405B-BBD5-15AC7A892D05}.Debug|Any CPU.ActiveCfg = Debug|Any CPU
		{A69008B3-65F0-405B-BBD5-15AC7A892D05}.Debug|Any CPU.Build.0 = Debug|Any CPU
		{A69008B3-65F0-405B-BBD5-15AC7A892D05}.Release|Any CPU.ActiveCfg = Release|Any CPU
		{A69008B3-65F0-405B-BBD5-15AC7A892D05}.Release|Any CPU.Build.0 = Release|Any CPU
		{910B518C-879C-402D-9005-FF2B104FE91E}.Debug|Any CPU.ActiveCfg = Debug|Any CPU
		{910B518C-879C-402D-9005-FF2B104FE91E}.Debug|Any CPU.Build.0 = Debug|Any CPU
		{910B518C-879C-402D-9005-FF2B104FE91E}.Release|Any CPU.ActiveCfg = Release|Any CPU
		{910B518C-879C-402D-9005-FF2B104FE91E}.Release|Any CPU.Build.0 = Release|Any CPU
		{0E4FAA42-FF8B-48BC-BA22-EB097B3B4468}.Debug|Any CPU.ActiveCfg = Debug|Any CPU
		{0E4FAA42-FF8B-48BC-BA22-EB097B3B4468}.Debug|Any CPU.Build.0 = Debug|Any CPU
		{0E4FAA42-FF8B-48BC-BA22-EB097B3B4468}.Release|Any CPU.ActiveCfg = Release|Any CPU
		{0E4FAA42-FF8B-48BC-BA22-EB097B3B4468}.Release|Any CPU.Build.0 = Release|Any CPU
		{88DFBE8B-9CD9-47D1-A284-229880ACEA3C}.Debug|Any CPU.ActiveCfg = Debug|Any CPU
		{88DFBE8B-9CD9-47D1-A284-229880ACEA3C}.Debug|Any CPU.Build.0 = Debug|Any CPU
		{88DFBE8B-9CD9-47D1-A284-229880ACEA3C}.Release|Any CPU.ActiveCfg = Release|Any CPU
		{88DFBE8B-9CD9-47D1-A284-229880ACEA3C}.Release|Any CPU.Build.0 = Release|Any CPU
		{E004DCE6-3FC1-491A-A05E-6E45914926FA}.Debug|Any CPU.ActiveCfg = Debug|Any CPU
		{E004DCE6-3FC1-491A-A05E-6E45914926FA}.Debug|Any CPU.Build.0 = Debug|Any CPU
		{E004DCE6-3FC1-491A-A05E-6E45914926FA}.Release|Any CPU.ActiveCfg = Release|Any CPU
		{E004DCE6-3FC1-491A-A05E-6E45914926FA}.Release|Any CPU.Build.0 = Release|Any CPU
		{CEF16B00-F192-44B0-833C-E0E6C6DE07C8}.Debug|Any CPU.ActiveCfg = Debug|Any CPU
		{CEF16B00-F192-44B0-833C-E0E6C6DE07C8}.Debug|Any CPU.Build.0 = Debug|Any CPU
		{CEF16B00-F192-44B0-833C-E0E6C6DE07C8}.Release|Any CPU.ActiveCfg = Release|Any CPU
		{CEF16B00-F192-44B0-833C-E0E6C6DE07C8}.Release|Any CPU.Build.0 = Release|Any CPU
		{4BF7C8ED-CF9B-4D48-B5B3-CAC67B3301E2}.Debug|Any CPU.ActiveCfg = Debug|Any CPU
		{4BF7C8ED-CF9B-4D48-B5B3-CAC67B3301E2}.Debug|Any CPU.Build.0 = Debug|Any CPU
		{4BF7C8ED-CF9B-4D48-B5B3-CAC67B3301E2}.Release|Any CPU.ActiveCfg = Release|Any CPU
		{4BF7C8ED-CF9B-4D48-B5B3-CAC67B3301E2}.Release|Any CPU.Build.0 = Release|Any CPU
		{F0EB2CD8-CA47-425E-AF49-E44B5E26824B}.Debug|Any CPU.ActiveCfg = Debug|Any CPU
		{F0EB2CD8-CA47-425E-AF49-E44B5E26824B}.Debug|Any CPU.Build.0 = Debug|Any CPU
		{F0EB2CD8-CA47-425E-AF49-E44B5E26824B}.Release|Any CPU.ActiveCfg = Release|Any CPU
		{F0EB2CD8-CA47-425E-AF49-E44B5E26824B}.Release|Any CPU.Build.0 = Release|Any CPU
		{0A7DE687-400D-4369-90A9-11F327CCBBD7}.Debug|Any CPU.ActiveCfg = Debug|Any CPU
		{0A7DE687-400D-4369-90A9-11F327CCBBD7}.Debug|Any CPU.Build.0 = Debug|Any CPU
		{0A7DE687-400D-4369-90A9-11F327CCBBD7}.Release|Any CPU.ActiveCfg = Release|Any CPU
		{0A7DE687-400D-4369-90A9-11F327CCBBD7}.Release|Any CPU.Build.0 = Release|Any CPU
		{1EC2C9A4-68DE-4541-B268-39D383FC230E}.Debug|Any CPU.ActiveCfg = Debug|Any CPU
		{1EC2C9A4-68DE-4541-B268-39D383FC230E}.Debug|Any CPU.Build.0 = Debug|Any CPU
		{1EC2C9A4-68DE-4541-B268-39D383FC230E}.Release|Any CPU.ActiveCfg = Release|Any CPU
		{1EC2C9A4-68DE-4541-B268-39D383FC230E}.Release|Any CPU.Build.0 = Release|Any CPU
	EndGlobalSection
	GlobalSection(SolutionProperties) = preSolution
		HideSolutionNode = FALSE
	EndGlobalSection
	GlobalSection(NestedProjects) = preSolution
		{5B4D0392-D437-4B54-A75A-A8545B7AAFB4} = {42C9DFDC-E664-44A4-8CDB-EC9B187A20C5}
		{ACAE4C02-9B6B-49B5-8DBD-D30AD92A5537} = {42C9DFDC-E664-44A4-8CDB-EC9B187A20C5}
		{469A1467-4CDF-4933-8482-1AEBFF3C1524} = {42C9DFDC-E664-44A4-8CDB-EC9B187A20C5}
		{B7487312-3EC1-49FD-9E41-0337622C9C98} = {F5A7C51C-BE98-4D83-B98A-7F4D3F84C686}
		{63741277-A04F-46EE-8614-92FBBA73D045} = {ACAE4C02-9B6B-49B5-8DBD-D30AD92A5537}
		{82373AA2-16B2-44D1-8C7D-306F8D94071F} = {ACAE4C02-9B6B-49B5-8DBD-D30AD92A5537}
		{C6E91371-C6B4-4A5E-944F-D25FD21C2E80} = {ACAE4C02-9B6B-49B5-8DBD-D30AD92A5537}
		{A69008B3-65F0-405B-BBD5-15AC7A892D05} = {ACAE4C02-9B6B-49B5-8DBD-D30AD92A5537}
		{910B518C-879C-402D-9005-FF2B104FE91E} = {7F161869-38CA-47EB-AAA5-5993F8CE05FA}
		{0E4FAA42-FF8B-48BC-BA22-EB097B3B4468} = {469A1467-4CDF-4933-8482-1AEBFF3C1524}
		{88DFBE8B-9CD9-47D1-A284-229880ACEA3C} = {469A1467-4CDF-4933-8482-1AEBFF3C1524}
		{E004DCE6-3FC1-491A-A05E-6E45914926FA} = {469A1467-4CDF-4933-8482-1AEBFF3C1524}
		{CEF16B00-F192-44B0-833C-E0E6C6DE07C8} = {469A1467-4CDF-4933-8482-1AEBFF3C1524}
		{4BF7C8ED-CF9B-4D48-B5B3-CAC67B3301E2} = {5B4D0392-D437-4B54-A75A-A8545B7AAFB4}
		{F0EB2CD8-CA47-425E-AF49-E44B5E26824B} = {5B4D0392-D437-4B54-A75A-A8545B7AAFB4}
		{0A7DE687-400D-4369-90A9-11F327CCBBD7} = {5B4D0392-D437-4B54-A75A-A8545B7AAFB4}
		{1EC2C9A4-68DE-4541-B268-39D383FC230E} = {5B4D0392-D437-4B54-A75A-A8545B7AAFB4}
	EndGlobalSection
EndGlobal
